{"app/images/activity/tips_box.png":"5525b29984e1","app/images/activity/tips_box@2x.png":"0c51cc2b2de4","app/images/activity/tips_box@3x.png":"1ac96c3c63c2","app/images/characterTest/headLine1.jpg":"a3860bae30d3","app/images/characterTest/headLine2.jpg":"d6ffe89918c4","app/images/characterTest/icon_box.png":"a6d0245297c1","app/images/characterTest/icon_box@2x.png":"9d16b4499bfc","app/images/characterTest/icon_box@3x.png":"a75d24b87b73","app/images/characterTest/icon_choose.png":"adb272d801a6","app/images/characterTest/icon_choose@2x.png":"9086d55c9cd8","app/images/characterTest/icon_choose@3x.png":"cbabe03e3f5f","app/images/characterTest/icon_dot.png":"81705549caec","app/images/characterTest/icon_dot@2x.png":"075b1d1513f5","app/images/characterTest/icon_dot@3x.png":"cdf0a5bed672","app/images/characterTest/icon_more.png":"0328fb3775fd","app/images/characterTest/icon_more@2x.png":"0a29c27ecdc1","app/images/characterTest/icon_more@3x.png":"2fee544ee2d2","app/images/characterTest/icon_tag.png":"b385e9e355ff","app/images/characterTest/icon_tag@2x.png":"d9e9b3a69537","app/images/characterTest/icon_tag@3x.png":"0e458dccb3f5","app/images/characterTest/logo.png":"c4e98cdb1e75","app/images/characterTest/logo@2x.png":"04f89c747c78","app/images/characterTest/logo@3x.png":"e7bb995b8896","app/images/characterTest/modal_bg.png":"b53b6e8bf3f4","app/images/characterTest/modal_bg@2x.png":"8611bc1348b9","app/images/characterTest/modal_bg@3x.png":"119c194d3889","app/images/common/MeSetting.png":"cf82aa03b9b2","app/images/common/MeSetting@2x.png":"b87e58ec2a07","app/images/common/MeSetting@3x.png":"26a34620b1f3","app/images/common/addressEdit.png":"503e925be970","app/images/common/addressEdit@2x.png":"4cdffa4e26db","app/images/common/addressEdit@3x.png":"aacc76c70da4","app/images/common/bj_2.png":"23e6b99e6b66","app/images/common/bj_2@2x.png":"11a3f7aac368","app/images/common/bj_2@3x.png":"2b52e863c26b","app/images/common/down.png":"0a5f6b20e7c9","app/images/common/down@2x.png":"0b495fc14739","app/images/common/down@3x.png":"2cd82abacb78","app/images/common/icon_back_black.png":"a863f307d9bc","app/images/common/icon_back_black@2x.png":"4b78b790706b","app/images/common/icon_back_black@3x.png":"c3fbc83f2864","app/images/common/icon_back_white.png":"ca7414a28349","app/images/common/icon_back_white@2x.png":"eb90ef683337","app/images/common/icon_back_white@3x.png":"11496df8c03d","app/images/common/icon_collection.png":"c0ed325b7a45","app/images/common/icon_collection@2x.png":"5a816d85eae0","app/images/common/icon_collection@3x.png":"1059037d7929","app/images/common/icon_customer_black.png":"1d0378cc851c","app/images/common/icon_customer_black@2x.png":"5f857dda8f49","app/images/common/icon_customer_black@3x.png":"e231151bc0de","app/images/common/icon_customer_white.png":"92ae38cfa3a0","app/images/common/icon_customer_white@2x.png":"e087e60ae71d","app/images/common/icon_customer_white@3x.png":"f34ca7909532","app/images/common/icon_dropdown.png":"2c03e947f420","app/images/common/icon_dropdown@2x.png":"2b92230cf607","app/images/common/icon_dropdown@3x.png":"cba69dc03d78","app/images/common/icon_nodata.png":"c0c3287e636c","app/images/common/icon_nodata@2x.png":"da30293a80dd","app/images/common/icon_nodata@3x.png":"5952a38ebe01","app/images/common/icon_right_arrow.png":"ab25b7760185","app/images/common/icon_right_arrow@2x.png":"8662c365e515","app/images/common/icon_right_arrow@3x.png":"9c5c35a5c9b9","app/images/common/icon_share.png":"a3b13f976e13","app/images/common/icon_share@2x.png":"c70dd9c83009","app/images/common/icon_share@3x.png":"4bd56d5b8001","app/images/common/icon_success.png":"ca15b4a255fa","app/images/common/icon_success@2x.png":"3487be8a636b","app/images/common/icon_success@3x.png":"14f4fa6119eb","app/images/common/logo_black.png":"1b04b520560d","app/images/common/logo_black@2x.png":"1a0b07500124","app/images/common/logo_black@3x.png":"93aa9ff4b271","app/images/common/logo_white.png":"ebd3f2011ecd","app/images/common/logo_white@2x.png":"a314bd6df8b3","app/images/common/logo_white@3x.png":"cecc3096b640","app/images/common/share.png":"b6b0d8862a4c","app/images/common/share@2x.png":"1a5bd4c30b6f","app/images/common/share@3x.png":"198a56845b2c","app/images/common/up.png":"003c1c3e3452","app/images/common/up@2x.png":"d3281234dd98","app/images/common/up@3x.png":"1d139334194b","app/images/community/icon_right.png":"f41978c42338","app/images/community/icon_right@2x.png":"eb1ba64d74f8","app/images/community/icon_right@3x.png":"a90d562c7a0c","app/images/community/icon_thumb_up_h.png":"552f6fd076a0","app/images/community/icon_thumb_up_h@2x.png":"cf11e9e8496a","app/images/community/icon_thumb_up_h@3x.png":"292cd72b9820","app/images/design/bg_qrcode.png":"149550ab317b","app/images/design/bg_qrcode@2x.png":"b4126a505fc3","app/images/design/bg_qrcode@3x.png":"b78bebbff773","app/images/design/icon_canting.png":"4bfb62392a33","app/images/design/icon_canting@2x.png":"a05456b3b7b2","app/images/design/icon_canting@3x.png":"eaf5c81d3d1e","app/images/design/icon_chufang.png":"245927efa196","app/images/design/icon_chufang@2x.png":"5be2dc1fe62c","app/images/design/icon_chufang@3x.png":"5ee9a0dc7316","app/images/design/icon_ciwo.png":"e5368a57b484","app/images/design/icon_ciwo@2x.png":"add91fc4528c","app/images/design/icon_ciwo@3x.png":"1943aa5f96e6","app/images/design/icon_etf.png":"f623bad58b94","app/images/design/icon_etf@2x.png":"a99f2f6d3f7e","app/images/design/icon_etf@3x.png":"6552850a3ec5","app/images/design/icon_keting.png":"3d0059f48642","app/images/design/icon_keting@2x.png":"4e8a0dc25a28","app/images/design/icon_keting@3x.png":"ba32f39b352d","app/images/design/icon_shop.png":"fdd8632879bd","app/images/design/icon_shop@2x.png":"39019a91afdf","app/images/design/icon_shop@3x.png":"bed253ee37e6","app/images/design/icon_shufang.png":"b6fd8c16a991","app/images/design/icon_shufang@2x.png":"bc450b04bde4","app/images/design/icon_shufang@3x.png":"8b9bab667cd1","app/images/design/icon_wsj.png":"de52043752b0","app/images/design/icon_wsj@2x.png":"e44b85fdf3b7","app/images/design/icon_wsj@3x.png":"8579a8423bf4","app/images/design/icon_yangtai.png":"f866259200ac","app/images/design/icon_yangtai@2x.png":"abe1e0960c26","app/images/design/icon_yangtai@3x.png":"222bcfa843b3","app/images/design/icon_zhuwo.png":"06d299adce89","app/images/design/icon_zhuwo@2x.png":"c0bd93b3f0ec","app/images/design/icon_zhuwo@3x.png":"66fcb6197409","app/images/design/like-after.png":"12cbd4b89b4c","app/images/design/like-after@2x.png":"16e3d04ff0c4","app/images/design/like-after@3x.png":"f2d62b8e4adc","app/images/design/like.png":"6b4f998a3170","app/images/design/like@2x.png":"2d3e22e0b7d2","app/images/design/like@3x.png":"8e0c061890c9","app/images/design/position.png":"f3a4510b8893","app/images/design/position@2x.png":"3c6576e241b2","app/images/design/position@3x.png":"dda0dac4809a","app/images/design/scan.png":"c5dfaecf56bf","app/images/design/scan@2x.png":"ed9f19b7f87c","app/images/design/scan@3x.png":"6f988554e283","app/images/design/star.png":"bb4d1d8349c0","app/images/design/star@2x.png":"9aedbe2c06f1","app/images/design/star@3x.png":"d00ab84fddd3","app/images/login/btn_close@2x.png":"e6ddf62e16d1","app/images/login/icon_eye_close.png":"8c35d59e1776","app/images/login/icon_eye_close@2x.png":"acc3b4156bfc","app/images/login/icon_eye_close@3x.png":"eb7254e81ccf","app/images/login/icon_eye_open.png":"5830481d74d6","app/images/login/icon_eye_open@2x.png":"46fe5bee265d","app/images/login/icon_eye_open@3x.png":"1241e20e94c2","app/images/login/icon_lock.png":"5297f525aef2","app/images/login/icon_lock@2x.png":"f155ecba2d70","app/images/login/icon_lock@3x.png":"030e8e097f25","app/images/login/icon_phone.png":"7e97556a0c32","app/images/login/icon_phone@2x.png":"c1c3c2ff7b70","app/images/login/icon_phone@3x.png":"939f6d5cf75c","app/images/login/icon_right.png":"1704fb5d397d","app/images/login/icon_right@2x.png":"2f6d90c7597e","app/images/login/icon_right@3x.png":"e632cd19b6a1","app/images/login/icon_user.png":"5d433fe29963","app/images/login/icon_user@2x.png":"95ecde6e1476","app/images/login/icon_user@3x.png":"db56fde26906","app/images/login/icon_wechat.png":"bccc7be4794c","app/images/login/icon_wechat.png@2x.png":"1a165b9e046f","app/images/login/icon_wechat.png@3x.png":"b51164192c45","app/images/login/login_bg.png":"b9dc2d973007","app/images/login/login_bg@2x.png":"ec9d5e0f3e88","app/images/login/login_bg@3x.png":"4d12e4973588","app/images/main/caidan_icon_kssj.png":"b931fef88867","app/images/main/caidan_icon_kssj@2x.png":"9b76dbb75bf7","app/images/main/caidan_icon_kssj@3x.png":"3aaa43f9122d","app/images/main/caidan_icon_kssj_h.png":"cbb2c774f2d8","app/images/main/caidan_icon_kssj_h@2x.png":"3ed75c33c7f6","app/images/main/caidan_icon_kssj_h@3x.png":"57373b5af903","app/images/main/caidan_icon_lt.png":"7f388fc0f070","app/images/main/caidan_icon_lt@2x.png":"3d378565206e","app/images/main/caidan_icon_lt@3x.png":"29693b2db34c","app/images/main/caidan_icon_lt_h.png":"54e618c90ddb","app/images/main/caidan_icon_lt_h@2x.png":"c55698c258ef","app/images/main/caidan_icon_lt_h@3x.png":"0d50989633b1","app/images/main/caidan_icon_mine.png":"4e8f0cdf4473","app/images/main/caidan_icon_mine@2x.png":"aeee73540b5c","app/images/main/caidan_icon_mine@3x.png":"9d1d9b78fbc3","app/images/main/caidan_icon_mine_h.png":"510c4f8a81f9","app/images/main/caidan_icon_mine_h@2x.png":"6b0452fd1341","app/images/main/caidan_icon_mine_h@3x.png":"1120bb9e6760","app/images/main/caidan_icon_phb.png":"c40e5ea8d210","app/images/main/caidan_icon_phb@2x.png":"307c7fed8a26","app/images/main/caidan_icon_phb@3x.png":"7124775cd83b","app/images/main/caidan_icon_phb_h.png":"9dd66bd05a82","app/images/main/caidan_icon_phb_h@2x.png":"e30a959d0f26","app/images/main/caidan_icon_phb_h@3x.png":"e129f4a49daa","app/images/main/caidan_icon_sw.png":"087de8ed1d3d","app/images/main/caidan_icon_sw@2x.png":"c24fbd71d46e","app/images/main/caidan_icon_sw@3x.png":"b085a3bf8289","app/images/main/caidan_icon_sw_h.png":"210afeb1ae38","app/images/main/caidan_icon_sw_h@2x.png":"4a605ca8cdc2","app/images/main/caidan_icon_sw_h@3x.png":"38357f51d399","app/images/main/firstLogin_close.png":"8967af5ad083","app/images/main/firstLogin_close@2x.png":"681971c7f36a","app/images/main/firstLogin_close@3x.png":"6353a608b7a3","app/images/main/firstLogin_dialog.png":"c41a99319e01","app/images/main/firstLogin_dialog@2x.png":"a79cc1bbe61a","app/images/main/firstLogin_dialog@3x.png":"35315c7ad27d","app/images/main/logo.png":"e7351794c049","app/images/main/logo@2x.png":"c1350c5b0a2b","app/images/main/logo@3x.png":"d9ce94259bda","app/images/main/main_bg.png":"d0ccb8a5eda3","app/images/main/main_bg@2x.png":"1c221a5df2c8","app/images/main/main_bg@3x.png":"fd9c4d4b5d29","app/images/share/btn_share_friends.png":"b82dbe68dfe7","app/images/share/btn_share_friends@2x.png":"732254be01ac","app/images/share/btn_share_friends@3x.png":"ad336c7c6bf1","app/images/share/btn_share_wechat.png":"5e63c1ca2020","app/images/share/btn_share_wechat@2x.png":"635eea073c9b","app/images/share/btn_share_wechat@3x.png":"1c2611de37ea","app/images/share/dialog_close.png":"3a50649c38d7","app/images/share/dialog_close@2x.png":"724cbeae2491","app/images/share/dialog_close@3x.png":"f54ed5439bd1","app/images/share/icon_activity.png":"d775bd9a87fa","app/images/share/icon_activity@2x.png":"537ca94f8839","app/images/share/icon_activity@3x.png":"3e509da813dd","app/images/share/icon_champion.png":"17c44627d58b","app/images/share/icon_champion@2x.png":"819787240cc8","app/images/share/icon_champion@3x.png":"76962d18e09a","app/images/share/icon_collection_after.png":"5ebb7fb8890a","app/images/share/icon_collection_after@2x.png":"b452d11d9329","app/images/share/icon_collection_after@3x.png":"9b9ae2c8ca87","app/images/share/icon_collection_gray.png":"d668166f02be","app/images/share/icon_collection_gray@2x.png":"a37702a5ee80","app/images/share/icon_collection_gray@3x.png":"4b79737a99c6","app/images/share/icon_collection_white.png":"0e76e8eb3378","app/images/share/icon_collection_white@2x.png":"de74a4565d7d","app/images/share/icon_collection_white@3x.png":"9b2a66dc3393","app/images/share/icon_comment.png":"ae35d9b1317c","app/images/share/icon_comment@2x.png":"11afa5d5190f","app/images/share/icon_comment@3x.png":"df9267face7c","app/images/share/icon_hongbao.png":"3ab2430f64d3","app/images/share/icon_hongbao@2x.png":"72491e9b5900","app/images/share/icon_hongbao@3x.png":"e3deb514de80","app/images/share/icon_hot.png":"1feda9219fe3","app/images/share/icon_hot@2x.png":"264426fd639c","app/images/share/icon_hot@3x.png":"e1d022e92a1a","app/images/share/icon_like.png":"4aa1b76d3db3","app/images/share/icon_like@2x.png":"ef9eb82a73c7","app/images/share/icon_like@3x.png":"9072c91b6309","app/images/share/icon_like_red.png":"b62b1d5fa8b6","app/images/share/icon_like_red@2x.png":"ccca1ba929c8","app/images/share/icon_like_red@3x.png":"6b2ae96da44e","app/images/share/icon_like_red_after.png":"7cc1bf8398d6","app/images/share/icon_like_red_after@2x.png":"91e8cb89d3f0","app/images/share/icon_like_red_after@3x.png":"d2b9913f2286","app/images/share/icon_message.png":"d8a3470bac88","app/images/share/icon_message@2x.png":"8179361206cc","app/images/share/icon_message@3x.png":"01d1112a4e3a","app/images/share/icon_right_arrow.png":"6a938287d39f","app/images/share/icon_right_arrow@2x.png":"7e993612b114","app/images/share/icon_right_arrow@3x.png":"af1c6367a76d","app/images/share/icon_second.png":"0d3d6103aa2b","app/images/share/icon_second@2x.png":"336ebc5e3465","app/images/share/icon_second@3x.png":"54eccd8bd77d","app/images/share/icon_third.png":"162a6a827435","app/images/share/icon_third@2x.png":"65833eca5fdf","app/images/share/icon_third@3x.png":"fed137f6e0e0","app/images/share/rate_dialog_star.png":"7a0d2daa3e7e","app/images/share/rate_dialog_star@2x.png":"85f91845135f","app/images/share/rate_dialog_star@3x.png":"83fb6cdaeea3","app/images/share/rate_star.png":"49d7c06b390d","app/images/share/rate_star@2x.png":"32eb8dd5dfe5","app/images/share/rate_star@3x.png":"e6faf26ca6b4","app/images/share/rate_star_h.png":"a006bd436ee6","app/images/share/rate_star_h@2x.png":"a18957489d72","app/images/share/rate_star_h@3x.png":"9c0bb2818193","app/images/style/banner_word.png":"ec9193fd220e","app/images/style/banner_word@2x.png":"3acb246e92ac","app/images/style/banner_word@3x.png":"4f8bb6262547","app/images/style/details_icon_collection.png":"93b210cb67b0","app/images/style/details_icon_collection@2x.png":"3f80731da435","app/images/style/details_icon_collection@3x.png":"b3a202bccefc","app/images/style/details_icon_next.png":"b364366c50bc","app/images/style/details_icon_next@2x.png":"eb9403b49752","app/images/style/details_icon_next@3x.png":"936441515169","app/images/style/download_big_red.png":"fa21dabefb59","app/images/style/download_big_red@2x.png":"fe9071c75edc","app/images/style/download_big_red@3x.png":"3611628ff97b","app/images/style/download_gray.png":"3b052375bddd","app/images/style/download_gray@2x.png":"adaffd6f4368","app/images/style/download_gray@3x.png":"a5c31bca7ab5","app/images/style/download_small_red.png":"fa1b27e78a0f","app/images/style/download_small_red@2x.png":"97fdcbe3131d","app/images/style/download_small_red@3x.png":"d7627f10d4b5","app/images/style/icon_collection.png":"7900858d8bcd","app/images/style/icon_collection@2x.png":"b64866031df1","app/images/style/icon_collection@3x.png":"a0576b720c53","app/images/style/icon_collection_after.png":"7880bfe92b3b","app/images/style/icon_collection_after@2x.png":"161e00776cd7","app/images/style/icon_collection_after@3x.png":"26ad33d55391","app/images/style/main_bg.png":"db1cd62240d3","app/images/style/main_bg@2x.png":"6f11da846b0e","app/images/style/main_bg@3x.png":"1b232ae37354","app/images/style/main_close.png":"8967af5ad083","app/images/style/main_close@2x.png":"681971c7f36a","app/images/style/main_close@3x.png":"6353a608b7a3","app/images/style/main_modal_bg.png":"606a9fbb2fbe","app/images/style/main_modal_bg@2x.png":"650d88b18486","app/images/style/main_modal_bg@3x.png":"e8ee1474e4c0","app/images/style/master_icon_collection.png":"9e6b16d51b65","app/images/style/master_icon_collection@2x.png":"15db9602de53","app/images/style/master_icon_collection@3x.png":"d4000d120baf","app/images/style/master_icon_collection_bg.png":"f3767b1cbf39","app/images/style/master_icon_collection_bg@2x.png":"74bc0879c7b5","app/images/style/master_icon_collection_bg@3x.png":"ae1eddf9480d","app/images/style/master_icon_next.png":"22db8c8b5a04","app/images/style/master_icon_next@2x.png":"1910fe6ce963","app/images/style/master_icon_next@3x.png":"217b1af5b517","app/images/style/master_icon_next_bg.png":"4d57c1b39d66","app/images/style/master_icon_next_bg@2x.png":"51d1c52c2f75","app/images/style/master_icon_next_bg@3x.png":"60cad7692c12","app/images/style/master_icon_no.png":"5c5a296fb56e","app/images/style/master_icon_no@2x.png":"a5f06f5b9ddc","app/images/style/master_icon_no@3x.png":"c91a411faddf","app/images/style/master_icon_yes.png":"5a5465476318","app/images/style/master_icon_yes@2x.png":"30a30298f940","app/images/style/master_icon_yes@3x.png":"3776f9e8286f","app/images/user/icon_activity.png":"58e04a82642b","app/images/user/icon_activity@2x.png":"071b8c4b2399","app/images/user/icon_activity@3x.png":"578534815015","app/images/user/icon_collection.png":"76dcc9118cd4","app/images/user/icon_collection@2x.png":"3799ac5dddc3","app/images/user/icon_collection@3x.png":"123483191c5f","app/images/user/icon_edit.png":"2ca5d6e84055","app/images/user/icon_edit@2x.png":"5079412923b7","app/images/user/icon_edit@3x.png":"282b66395a7a","app/images/user/icon_like.png":"3490745699fd","app/images/user/icon_like@2x.png":"75974dd3e960","app/images/user/icon_like@3x.png":"bd48864bc7d2","app/images/user/icon_like_after.png":"552f6fd076a0","app/images/user/icon_like_after@2x.png":"cf11e9e8496a","app/images/user/icon_like_after@3x.png":"292cd72b9820","app/images/user/icon_message.png":"d8a3470bac88","app/images/user/icon_message@2x.png":"8179361206cc","app/images/user/icon_message@3x.png":"01d1112a4e3a","app/images/user/icon_release.png":"023ce7084b93","app/images/user/icon_release@2x.png":"f4b595519500","app/images/user/icon_release@3x.png":"380ca35357df","app/images/user/icon_releaseH.png":"c43523f9b606","app/images/user/icon_releaseH@2x.png":"57979268acba","app/images/user/icon_releaseH@3x.png":"a979d12f2866","app/images/user/icon_remove.png":"b1b4a5068f3d","app/images/user/icon_remove@2x.png":"08c1ef973596","app/images/user/icon_remove@3x.png":"b2aebb7f0b92","app/images/user/icon_scheme.png":"c41395f6b6e3","app/images/user/icon_scheme@2x.png":"b3e3a113f21c","app/images/user/icon_scheme@3x.png":"784ab6d81c20","app/images/user/icon_style.png":"9763dfbb0c02","app/images/user/icon_style@2x.png":"697d2e9ecc88","app/images/user/icon_style@3x.png":"03e73a9561b0","app/images/user/icon_task.png":"0108c21f83ba","app/images/user/icon_task@2x.png":"cf02792f3de7","app/images/user/icon_task@3x.png":"9e6e38542cc5","app/images/user/icon_test.png":"e390a09aa447","app/images/user/icon_test@2x.png":"cd935bc62161","app/images/user/icon_test@3x.png":"eac47a2879f4","app/images/user/list_style1.png":"d20b1f3a699b","app/images/user/list_style1@2x.png":"a1fef77efb27","app/images/user/list_style1@3x.png":"c05ced625b34","app/images/user/list_style1_after.png":"4d3184a07637","app/images/user/list_style1_after@2x.png":"835155ce0cf7","app/images/user/list_style1_after@3x.png":"87492cabb9a4","app/images/user/list_style2.png":"79b72f101484","app/images/user/list_style2@2x.png":"94ae54041c6f","app/images/user/list_style2@3x.png":"9abd6b870b31","app/images/user/list_style2_after.png":"836aaad8a2ff","app/images/user/list_style2_after@2x.png":"c92dbef32059","app/images/user/list_style2_after@3x.png":"723d718f1a94","app/images/user/mine_icon_head.png":"78f90df5bb21","app/images/user/mine_icon_head@2x.png":"11221af80c0a","app/images/user/mine_icon_head@3x.png":"383e3985fcb5","app/images/design/application/icon_add_gray.png":"cdf6b0aef14c","app/images/design/application/icon_add_gray@2x.png":"cff2140ee857","app/images/design/application/icon_add_gray@3x.png":"1728042d5280","app/images/design/application/icon_add_red.png":"2c83b4d97bd7","app/images/design/application/icon_add_red@2x.png":"a96d49f616ba","app/images/design/application/icon_add_red@3x.png":"554e51c911db","app/images/design/application/icon_add_white.png":"16f770f535c7","app/images/design/application/icon_add_white@2x.png":"b0cec3cd0ec6","app/images/design/application/icon_add_white@3x.png":"4e5a826125c5","app/images/design/application/icon_dialog.png":"260f514602a0","app/images/design/application/icon_dialog@2x.png":"48de490e8802","app/images/design/application/icon_dialog@3x.png":"c24ee93cf23e","app/images/design/application/sample_img1.png":"1cb2ab955f3b","app/images/design/application/sample_img1@2x.png":"5827868d31f1","app/images/design/application/sample_img1@3x.png":"422be77cfd1e","app/images/design/application/sample_img2.png":"33e4b32d0bb9","app/images/design/application/sample_img2@2x.png":"2afd65890b76","app/images/design/application/sample_img2@3x.png":"7ef3db142ae9","app/images/design/application/sample_img3.png":"8b997687450b","app/images/design/application/sample_img3@2x.png":"00e1cb7734aa","app/images/design/application/sample_img3@3x.png":"175884ead098","app/images/guide/common/btn_next.png":"acb8e24ac339","app/images/guide/common/btn_next@2x.png":"38456ad7c205","app/images/guide/common/btn_next@3x.png":"d65564de441b","app/images/guide/common/previous_btn.png":"bf840a4b9640","app/images/guide/common/previous_btn@2x.png":"76d31c96ecd0","app/images/guide/common/previous_btn@3x.png":"6b4878d811fa","app/images/guide/common/skip_btn.png":"1a8fd169fb5f","app/images/guide/common/skip_btn@2x.png":"70d38dafe178","app/images/guide/common/skip_btn@3x.png":"2092ce2745ca","app/images/guide/panorama/change_product.png":"2e89e6fa4a23","app/images/guide/panorama/change_product@2x.png":"775beaad8b7e","app/images/guide/panorama/change_product@3x.png":"9d16bf82892f","app/images/guide/panorama/change_style.png":"2c9458778075","app/images/guide/panorama/change_style@2x.png":"a8b820d7da13","app/images/guide/panorama/change_style@3x.png":"c2f38f620468","app/images/guide/panorama/ok.png":"6f032cc256a6","app/images/guide/panorama/ok@2x.png":"9fd7ccef2634","app/images/guide/panorama/ok@3x.png":"e87174df2d5f","app/images/guide/panorama/save.png":"7253581c343a","app/images/guide/panorama/save@2x.png":"4d6800a04a35","app/images/guide/panorama/save@3x.png":"bccbc04fa6dc","app/images/guide/panorama/share.png":"00aef6755548","app/images/guide/panorama/share@2x.png":"e6c193588323","app/images/guide/panorama/share@3x.png":"5efdffdc95ab","app/images/guide/panorama/slide.png":"9705a388123f","app/images/guide/panorama/slide@2x.png":"4ec5bb92162b","app/images/guide/panorama/slide@3x.png":"858bef4083cb","app/images/guide/panorama/task_progress.png":"49a979fa9020","app/images/guide/panorama/task_progress@2x.png":"593297e09052","app/images/guide/panorama/task_progress@3x.png":"9980f9b6eae3","app/images/guide/panorama/try.png":"0e113dfdc563","app/images/guide/panorama/try@2x.png":"51d7e397f94c","app/images/guide/panorama/try@3x.png":"fce3e468a0d3","app/images/scheme/bigImage/case_nav_sc.png":"846d63acd35d","app/images/scheme/bigImage/case_nav_sc@2x.png":"b306f6568b80","app/images/scheme/bigImage/case_nav_sc@3x.png":"24836fe11f1c","app/images/scheme/bigImage/case_nav_share.png":"77d11d27593c","app/images/scheme/bigImage/case_nav_share@2x.png":"941806fb96c8","app/images/scheme/bigImage/case_nav_share@3x.png":"e8db007c6c62","app/images/scheme/bigImage/case_nav_xz.png":"812f79e2d7bc","app/images/scheme/bigImage/case_nav_xz@2x.png":"e0e93ec76d40","app/images/scheme/bigImage/case_nav_xz@3x.png":"bae87e2bf28d","app/images/scheme/active/case+_list_dianz.png":"60bbf5724db0","app/images/scheme/active/case+_list_dianz_h.png":"4527a7090002","app/images/scheme/active/case+_list_dianz_h@2x.png":"60bbf5724db0","app/images/scheme/active/case+_list_dianz_h@3x.png":"6fb9586dc0b6","app/images/scheme/active/case_list_big.png":"a5eafaad1752","app/images/scheme/active/case_list_big@2x.png":"c07c97ae7a14","app/images/scheme/active/case_list_big@3x.png":"065eb86edd66","app/images/scheme/active/case_list_dianz.png":"e1245db9dd19","app/images/scheme/active/case_list_dianz@2x.png":"cde90e874a73","app/images/scheme/active/case_list_dianz@3x.png":"9a73dfb8a3eb","app/images/scheme/active/case_list_girl.png":"b890f2638a6c","app/images/scheme/active/case_list_girl@2x.png":"198860002490","app/images/scheme/active/case_list_girl@3x.png":"e588c68bea87","app/images/scheme/active/case_list_man.png":"eb036ba58668","app/images/scheme/active/case_list_man@2x.png":"9a61cf4030ef","app/images/scheme/active/case_list_man@3x.png":"cec9c1af9b00","app/images/scheme/active/case_list_sc.png":"6b4f998a3170","app/images/scheme/active/case_list_sc@2x.png":"2d3e22e0b7d2","app/images/scheme/active/case_list_sc@3x.png":"8e0c061890c9","app/images/scheme/active/case_list_sc_h.png":"5a55b3b7a4f2","app/images/scheme/active/case_list_sc_h@2x.png":"540420f698f2","app/images/scheme/active/case_list_sc_h@3x.png":"f3065a710ed4","app/images/scheme/active/case_list_share.png":"74ba0434c3d1","app/images/scheme/active/case_list_share@2x.png":"6cbc7e5f77f4","app/images/scheme/active/case_list_share@3x.png":"d9036304cc58","app/images/scheme/active/case_list_xs.png":"ee5910a032c0","app/images/scheme/active/case_list_xs@2x.png":"b1d5c1ed3613","app/images/scheme/active/case_list_xs@3x.png":"e846a2c8372f","app/images/scheme/active/case_nav_share.png":"77d11d27593c","app/images/scheme/active/case_nav_share@2x.png":"941806fb96c8","app/images/scheme/active/case_nav_share@3x.png":"e8db007c6c62","app/images/scheme/myscheme/icon_collection.png":"5f31d18b6c6d","app/images/scheme/myscheme/icon_collection@2x.png":"3b1c6ba484b1","app/images/scheme/myscheme/icon_collection@3x.png":"0a3fae720244","app/images/scheme/myscheme/icon_delete.png":"446281eaa00e","app/images/scheme/myscheme/icon_delete@2x.png":"5738c39fdcf6","app/images/scheme/myscheme/icon_delete@3x.png":"b8b3197398cf","app/images/scheme/myscheme/icon_like.png":"4aa1b76d3db3","app/images/scheme/myscheme/icon_like@2x.png":"ef9eb82a73c7","app/images/scheme/myscheme/icon_like@3x.png":"9072c91b6309","app/images/scheme/myscheme/icon_share.png":"97afa3f4ea90","app/images/scheme/myscheme/icon_share@2x.png":"ae6a9c0928db","app/images/scheme/myscheme/icon_share@3x.png":"22d790654e21","app/images/scheme/myscheme/mine_icon_pl.png":"d8a3470bac88","app/images/scheme/myscheme/mine_icon_pl@2x.png":"8179361206cc","app/images/scheme/myscheme/mine_icon_pl@3x.png":"01d1112a4e3a","app/images/scheme/hover/bigImageCollect.png":"c0ed325b7a45","app/images/scheme/hover/bigImageCollect@2x.png":"5a816d85eae0","app/images/scheme/hover/bigImageCollect@3x.png":"1059037d7929","app/images/scheme/hover/bigImageH.png":"c0ed325b7a45","app/images/scheme/hover/bigImageH@2x.png":"5a816d85eae0","app/images/scheme/hover/bigImageH@3x.png":"1059037d7929","app/images/scheme/hover/detailCollect.png":"65c63942706b","app/images/scheme/hover/detailCollect@2x.png":"00dfd837a91a","app/images/scheme/hover/detailCollect@3x.png":"2b75331c6a84","app/images/scheme/hover/mainCollect.png":"dd1b42e41c7d","app/images/scheme/hover/mainCollect@2x.png":"afcbad66dd02","app/images/scheme/hover/mainCollect@3x.png":"b467c11c56d3","app/images/scheme/hover/mainLike.png":"4d487cdc4960","app/images/scheme/hover/mainLike@2x.png":"a64680049810","app/images/scheme/hover/mainLike@3x.png":"8acf556f936f","app/images/scheme/hover/schemeDetialScH.png":"65c63942706b","app/images/scheme/hover/schemeDetialScH@2x.png":"00dfd837a91a","app/images/scheme/hover/schemeDetialScH@3x.png":"2b75331c6a84","app/images/scheme/normal/bigImageCollect.png":"4940aa42b718","app/images/scheme/normal/bigImageCollect@2x.png":"34dfeaa4395c","app/images/scheme/normal/bigImageCollect@3x.png":"747f66665071","app/images/scheme/normal/bigImageDownload.png":"812f79e2d7bc","app/images/scheme/normal/bigImageDownload@2x.png":"e0e93ec76d40","app/images/scheme/normal/bigImageDownload@3x.png":"bae87e2bf28d","app/images/scheme/normal/bigImageSc.png":"4940aa42b718","app/images/scheme/normal/bigImageSc@2x.png":"34dfeaa4395c","app/images/scheme/normal/bigImageSc@3x.png":"747f66665071","app/images/scheme/normal/bigImageShare.png":"77d11d27593c","app/images/scheme/normal/bigImageShare@2x.png":"941806fb96c8","app/images/scheme/normal/bigImageShare@3x.png":"e8db007c6c62","app/images/scheme/normal/detailShare.png":"74ba0434c3d1","app/images/scheme/normal/detailShare@2x.png":"6cbc7e5f77f4","app/images/scheme/normal/detailShare@3x.png":"d9036304cc58","app/images/scheme/normal/mainCollect.png":"89f74de47ed2","app/images/scheme/normal/mainCollect@2x.png":"ea73f1099254","app/images/scheme/normal/mainCollect@3x.png":"bd7719ada0db","app/images/scheme/normal/mainLike.png":"0dc890f62c3e","app/images/scheme/normal/mainLike@2x.png":"5756db4b1685","app/images/scheme/normal/mainLike@3x.png":"f3f4d7af7d3c","app/images/scheme/normal/productListView.png":"a5eafaad1752","app/images/scheme/normal/productListView@2x.png":"c07c97ae7a14","app/images/scheme/normal/productListView@3x.png":"065eb86edd66","app/images/scheme/normal/schemeDetialSc.png":"5510671a3508","app/images/scheme/normal/schemeDetialSc@2x.png":"0557683c798f","app/images/scheme/normal/schemeDetialSc@3x.png":"55c71be7a79f","app/images/scheme/panorama/DNA_Application.png":"187ede9699d7","app/images/scheme/panorama/DNA_Application@2x.png":"7d14c7cca4a4","app/images/scheme/panorama/DNA_Application@3x.png":"b17201fe5fcb","app/images/scheme/panorama/icon_close.png":"da233c54ef5d","app/images/scheme/panorama/icon_close@2x.png":"b3882d90c8be","app/images/scheme/panorama/icon_close@3x.png":"90e6405a3382","app/images/scheme/panorama/icon_collect_dna.png":"89d8e01e1e65","app/images/scheme/panorama/icon_collect_dna@2x.png":"a1b61c0c3295","app/images/scheme/panorama/icon_collect_dna@3x.png":"f3c7eb110ead","app/images/scheme/panorama/icon_save_dna.png":"4e0a1a808a57","app/images/scheme/panorama/icon_save_dna@2x.png":"d8e433a4d952","app/images/scheme/panorama/icon_save_dna@3x.png":"6f940e2c4fcb","app/images/scheme/panorama/icon_save_scheme.png":"12842e66fe10","app/images/scheme/panorama/icon_save_scheme@2x.png":"840b7e4e6155","app/images/scheme/panorama/icon_save_scheme@3x.png":"0420049c9541","app/images/scheme/panorama/icon_save_style.png":"9ab535780a9b","app/images/scheme/panorama/icon_save_style@2x.png":"49aed67283aa","app/images/scheme/panorama/icon_save_style@3x.png":"6dfe9324910a","app/images/scheme/panorama/icon_share_circle.png":"2b09999e9aa0","app/images/scheme/panorama/icon_share_circle@2x.png":"99729e242e4c","app/images/scheme/panorama/icon_share_circle@3x.png":"328201bba5d3","app/images/scheme/panorama/icon_share_wechat.png":"c58e9500906e","app/images/scheme/panorama/icon_share_wechat@2x.png":"cc6816e399e5","app/images/scheme/panorama/icon_share_wechat@3x.png":"894b2aef11be","app/images/scheme/panorama/icon_thumbs_up.png":"f01f40375924","app/images/scheme/panorama/icon_thumbs_up@2x.png":"2a100d5b92fc","app/images/scheme/panorama/icon_thumbs_up@3x.png":"00e6293df176","app/images/scheme/panorama/modify_item.png":"52102cc7d6fb","app/images/scheme/panorama/modify_item@2x.png":"38187ebb750c","app/images/scheme/panorama/modify_item@3x.png":"de73af13d72f","app/images/scheme/panorama/panorama_process.png":"85d06303d69b","app/images/scheme/panorama/panorama_process@2x.png":"95d507c103ac","app/images/scheme/panorama/panorama_process@3x.png":"b86360d585d0","app/images/scheme/panorama/save_scheme.png":"b3184517ce4d","app/images/scheme/panorama/save_scheme@2x.png":"7babcbe18228","app/images/scheme/panorama/save_scheme@3x.png":"cbb270c35f43","app/images/scheme/panorama/share.png":"f0543888a76b","app/images/scheme/panorama/share@2x.png":"fd92c168b75d","app/images/scheme/panorama/share@3x.png":"84b2d1d5b55b","app/images/share/comment/icon_comment.png":"2d5f5023579f","app/images/share/comment/icon_comment@2x.png":"5f79d1c260c2","app/images/share/comment/icon_comment@3x.png":"e610e6b54063","app/images/share/comment/icon_like.png":"9c858fa4e530","app/images/share/comment/icon_like@2x.png":"f77836d7f01a","app/images/share/comment/icon_like@3x.png":"3ea60f446ade","app/images/share/comment/icon_like_after.png":"110381ab2290","app/images/share/comment/icon_like_after@2x.png":"babe1975f2f4","app/images/share/comment/icon_like_after@3x.png":"0466a6f93162","app/images/share/comment/icon_more.png":"eb920d44d588","app/images/share/comment/icon_more@2x.png":"dab85c171d4d","app/images/share/comment/icon_more@3x.png":"8c8cfbd02140","app/images/share/panorama/360_icon_fb.png":"678c8d5816b1","app/images/share/panorama/360_icon_fb@2x.png":"0c0c14b5e495","app/images/share/panorama/360_icon_fb@3x.png":"64898490737b","app/images/share/panorama/change_products.png":"52102cc7d6fb","app/images/share/panorama/change_products@2x.png":"38187ebb750c","app/images/share/panorama/change_products@3x.png":"de73af13d72f","app/images/share/panorama/change_style.png":"187ede9699d7","app/images/share/panorama/change_style@2x.png":"7d14c7cca4a4","app/images/share/panorama/change_style@3x.png":"b17201fe5fcb","app/images/share/panorama/icon_comment.png":"688dcf1b309c","app/images/share/panorama/icon_comment@2x.png":"cd13849daae6","app/images/share/panorama/icon_comment@3x.png":"7cd5ad853bc5","app/images/share/panorama/icon_rate.png":"ecfc240e99a6","app/images/share/panorama/icon_rate@2x.png":"bcb5980f32b8","app/images/share/panorama/icon_rate@3x.png":"667e24160803","app/images/share/panorama/icon_rate_h.png":"16f9234eec7e","app/images/share/panorama/icon_rate_h@2x.png":"c7ec84c92dd1","app/images/share/panorama/icon_rate_h@3x.png":"5844afd22c9e","app/images/share/panorama/icon_refresh.png":"8d9514ebc7a3","app/images/share/panorama/icon_refresh@2x.png":"deefff377250","app/images/share/panorama/icon_refresh@3x.png":"6410b0b7116b","app/images/share/panorama/icon_share.png":"f0543888a76b","app/images/share/panorama/icon_share@2x.png":"fd92c168b75d","app/images/share/panorama/icon_share@3x.png":"84b2d1d5b55b","app/images/share/panorama/like_hover.png":"d9c942d1a751","app/images/share/panorama/like_hover@2x.png":"deca99a3e609","app/images/share/panorama/like_hover@3x.png":"3cf1b2c10c92","app/images/share/panorama/like_transparent.png":"f01f40375924","app/images/share/panorama/like_transparent@2x.png":"2a100d5b92fc","app/images/share/panorama/like_transparent@3x.png":"00e6293df176","app/images/share/panorama/like_white.png":"f24ccc5ca715","app/images/share/panorama/like_white@2x.png":"f1b45bfb502d","app/images/share/panorama/like_white@3x.png":"e2b273e976d1","app/images/share/panorama/panorama_process.png":"85d06303d69b","app/images/share/panorama/panorama_process@2x.png":"95d507c103ac","app/images/share/panorama/panorama_process@3x.png":"b86360d585d0","app/images/share/panorama/panorama_process_end.png":"4fe348882408","app/images/share/panorama/panorama_process_end@2x.png":"c45d83b15d2e","app/images/share/panorama/panorama_process_end@3x.png":"05924e1034cc"}